
Microsoft Visual Studio Solution File, Format Version 12.00
# Visual Studio Version 17
VisualStudioVersion = 17.3.32929.385
MinimumVisualStudioVersion = 10.0.40219.1
Project("{9A19103F-16F7-4668-BE54-9A1E7A4F7556}") = "IVWZRT_HFT_2022231.Client", "IVWZRT_HFT_2022231.Client\IVWZRT_HFT_2022231.Client.csproj", "{6B562754-D232-4048-8AA2-3A30F4557D22}"
EndProject
Project("{9A19103F-16F7-4668-BE54-9A1E7A4F7556}") = "IVWZRT_HFT_2022231.Models", "IVWZRT_HFT_2022231.Models\IVWZRT_HFT_2022231.Models.csproj", "{7CBD0E4E-2E1C-4B51-A7CF-C628A370725F}"
EndProject
Project("{9A19103F-16F7-4668-BE54-9A1E7A4F7556}") = "IVWZRT_HFT_2022231.Repository", "IVWZRT_HFT_2022231.Repository\IVWZRT_HFT_2022231.Repository.csproj", "{F4445F1C-3414-42E9-9784-EA3E7E67261F}"
EndProject
Project("{9A19103F-16F7-4668-BE54-9A1E7A4F7556}") = "IVWZRT_HFT_2022231.Test", "IVWZRT_HFT_2022231.Test\IVWZRT_HFT_2022231.Test.csproj", "{B5DD52D2-3887-4C42-B81A-E5C448B3B894}"
EndProject
Project("{FAE04EC0-301F-11D3-BF4B-00C04F79EFBC}") = "IVWZRT_HFT_2022231.Endpoint", "IVWZRT_HFT_2022231.Endpoint\IVWZRT_HFT_2022231.Endpoint.csproj", "{1CE070A0-DB12-484E-A8B4-79B347079136}"
EndProject
Project("{2150E333-8FDC-42A3-9474-1A3956D46DE8}") = "Backend", "Backend", "{BFE47FDD-A570-44A9-A107-698A16234E19}"
EndProject
Project("{FAE04EC0-301F-11D3-BF4B-00C04F79EFBC}") = "IVWZRT_HFT_2022231.Logic", "IVWZRT_HFT_2022231.Logic\IVWZRT_HFT_2022231.Logic.csproj", "{288E2C42-DCCE-4BAA-878C-405B0FF2F4B0}"
EndProject
Project("{2150E333-8FDC-42A3-9474-1A3956D46DE8}") = "Frontend", "Frontend", "{4776E10E-BF55-470B-9C41-040C4645C97C}"
EndProject
Project("{2150E333-8FDC-42A3-9474-1A3956D46DE8}") = "Shared", "Shared", "{01B44161-A188-4923-B36B-58D8B2223A1D}"
EndProject
Global
	GlobalSection(SolutionConfigurationPlatforms) = preSolution
		Debug|Any CPU = Debug|Any CPU
		Release|Any CPU = Release|Any CPU
	EndGlobalSection
	GlobalSection(ProjectConfigurationPlatforms) = postSolution
		{6B562754-D232-4048-8AA2-3A30F4557D22}.Debug|Any CPU.ActiveCfg = Debug|Any CPU
		{6B562754-D232-4048-8AA2-3A30F4557D22}.Debug|Any CPU.Build.0 = Debug|Any CPU
		{6B562754-D232-4048-8AA2-3A30F4557D22}.Release|Any CPU.ActiveCfg = Release|Any CPU
		{6B562754-D232-4048-8AA2-3A30F4557D22}.Release|Any CPU.Build.0 = Release|Any CPU
		{7CBD0E4E-2E1C-4B51-A7CF-C628A370725F}.Debug|Any CPU.ActiveCfg = Debug|Any CPU
		{7CBD0E4E-2E1C-4B51-A7CF-C628A370725F}.Debug|Any CPU.Build.0 = Debug|Any CPU
		{7CBD0E4E-2E1C-4B51-A7CF-C628A370725F}.Release|Any CPU.ActiveCfg = Release|Any CPU
		{7CBD0E4E-2E1C-4B51-A7CF-C628A370725F}.Release|Any CPU.Build.0 = Release|Any CPU
		{F4445F1C-3414-42E9-9784-EA3E7E67261F}.Debug|Any CPU.ActiveCfg = Debug|Any CPU
		{F4445F1C-3414-42E9-9784-EA3E7E67261F}.Debug|Any CPU.Build.0 = Debug|Any CPU
		{F4445F1C-3414-42E9-9784-EA3E7E67261F}.Release|Any CPU.ActiveCfg = Release|Any CPU
		{F4445F1C-3414-42E9-9784-EA3E7E67261F}.Release|Any CPU.Build.0 = Release|Any CPU
		{B5DD52D2-3887-4C42-B81A-E5C448B3B894}.Debug|Any CPU.ActiveCfg = Debug|Any CPU
		{B5DD52D2-3887-4C42-B81A-E5C448B3B894}.Debug|Any CPU.Build.0 = Debug|Any CPU
		{B5DD52D2-3887-4C42-B81A-E5C448B3B894}.Release|Any CPU.ActiveCfg = Release|Any CPU
		{B5DD52D2-3887-4C42-B81A-E5C448B3B894}.Release|Any CPU.Build.0 = Release|Any CPU
		{1CE070A0-DB12-484E-A8B4-79B347079136}.Debug|Any CPU.ActiveCfg = Debug|Any CPU
		{1CE070A0-DB12-484E-A8B4-79B347079136}.Debug|Any CPU.Build.0 = Debug|Any CPU
		{1CE070A0-DB12-484E-A8B4-79B347079136}.Release|Any CPU.ActiveCfg = Release|Any CPU
		{1CE070A0-DB12-484E-A8B4-79B347079136}.Release|Any CPU.Build.0 = Release|Any CPU
		{288E2C42-DCCE-4BAA-878C-405B0FF2F4B0}.Debug|Any CPU.ActiveCfg = Debug|Any CPU
		{288E2C42-DCCE-4BAA-878C-405B0FF2F4B0}.Debug|Any CPU.Build.0 = Debug|Any CPU
		{288E2C42-DCCE-4BAA-878C-405B0FF2F4B0}.Release|Any CPU.ActiveCfg = Release|Any CPU
		{288E2C42-DCCE-4BAA-878C-405B0FF2F4B0}.Release|Any CPU.Build.0 = Release|Any CPU
	EndGlobalSection
	GlobalSection(SolutionProperties) = preSolution
		HideSolutionNode = FALSE
	EndGlobalSection
	GlobalSection(NestedProjects) = preSolution
		{6B562754-D232-4048-8AA2-3A30F4557D22} = {4776E10E-BF55-470B-9C41-040C4645C97C}
		{7CBD0E4E-2E1C-4B51-A7CF-C628A370725F} = {01B44161-A188-4923-B36B-58D8B2223A1D}
		{F4445F1C-3414-42E9-9784-EA3E7E67261F} = {BFE47FDD-A570-44A9-A107-698A16234E19}
		{B5DD52D2-3887-4C42-B81A-E5C448B3B894} = {BFE47FDD-A570-44A9-A107-698A16234E19}
		{1CE070A0-DB12-484E-A8B4-79B347079136} = {BFE47FDD-A570-44A9-A107-698A16234E19}
		{288E2C42-DCCE-4BAA-878C-405B0FF2F4B0} = {BFE47FDD-A570-44A9-A107-698A16234E19}
	EndGlobalSection
	GlobalSection(ExtensibilityGlobals) = postSolution
		SolutionGuid = {88124DA1-E6A3-4B70-8D87-F0675E74B30E}
	EndGlobalSection
EndGlobal
